
Microsoft Visual Studio Solution File, Format Version 12.00
# Visual Studio Version 17
VisualStudioVersion = 17.5.33516.290
MinimumVisualStudioVersion = 10.0.40219.1
Project("{FAE04EC0-301F-11D3-BF4B-00C04F79EFBC}") = "SelectableControls", "SelectableControls\SelectableControls.csproj", "{6BC04A60-9C9F-4F23-8457-F94B18177FCA}"
EndProject
Global
	GlobalSection(SolutionConfigurationPlatforms) = preSolution
		Debug|Any CPU = Debug|Any CPU
		Release|Any CPU = Release|Any CPU
	EndGlobalSection
	GlobalSection(ProjectConfigurationPlatforms) = postSolution
		{6BC04A60-9C9F-4F23-8457-F94B18177FCA}.Debug|Any CPU.ActiveCfg = Debug|Any CPU
		{6BC04A60-9C9F-4F23-8457-F94B18177FCA}.Debug|Any CPU.Build.0 = Debug|Any CPU
		{6BC04A60-9C9F-4F23-8457-F94B18177FCA}.Release|Any CPU.ActiveCfg = Release|Any CPU
		{6BC04A60-9C9F-4F23-8457-F94B18177FCA}.Release|Any CPU.Build.0 = Release|Any CPU
	EndGlobalSection
	GlobalSection(SolutionProperties) = preSolution
		HideSolutionNode = FALSE
	EndGlobalSection
	GlobalSection(ExtensibilityGlobals) = postSolution
		SolutionGuid = {A377ACD1-57F9-4880-B120-193BF5A642CA}
	EndGlobalSection
EndGlobal
